// !$*UTF8*$!
{
	archiveVersion = 1;
	classes = {
	};
	objectVersion = 56;
	objects = {

/* Begin PBXBuildFile section */
		409783762C06102F0010F509 /* AirbnbCloneApp.swift in Sources */ = {isa = PBXBuildFile; fileRef = 409783752C06102F0010F509 /* AirbnbCloneApp.swift */; };
		409783782C06102F0010F509 /* ContentView.swift in Sources */ = {isa = PBXBuildFile; fileRef = 409783772C06102F0010F509 /* ContentView.swift */; };
		4097837A2C0610320010F509 /* Assets.xcassets in Resources */ = {isa = PBXBuildFile; fileRef = 409783792C0610320010F509 /* Assets.xcassets */; };
		4097837D2C0610320010F509 /* Preview Assets.xcassets in Resources */ = {isa = PBXBuildFile; fileRef = 4097837C2C0610320010F509 /* Preview Assets.xcassets */; };
		409783992C061C4D0010F509 /* ExplorerView.swift in Sources */ = {isa = PBXBuildFile; fileRef = 409783982C061C4D0010F509 /* ExplorerView.swift */; };
		4097839B2C06205B0010F509 /* ListingItemView.swift in Sources */ = {isa = PBXBuildFile; fileRef = 4097839A2C06205B0010F509 /* ListingItemView.swift */; };
		4097839D2C0627CE0010F509 /* SearchAndFilterBarView.swift in Sources */ = {isa = PBXBuildFile; fileRef = 4097839C2C0627CE0010F509 /* SearchAndFilterBarView.swift */; };
		409783A72C065F430010F509 /* ListingtemDetailView.swift in Sources */ = {isa = PBXBuildFile; fileRef = 409783A62C065F430010F509 /* ListingtemDetailView.swift */; };
		409783AA2C06616D0010F509 /* ListingItemCarouselView.swift in Sources */ = {isa = PBXBuildFile; fileRef = 409783A92C06616D0010F509 /* ListingItemCarouselView.swift */; };
		409783AC2C0690E70010F509 /* README.md in Resources */ = {isa = PBXBuildFile; fileRef = 409783AB2C0690E70010F509 /* README.md */; };
		409783B02C06A6610010F509 /* 1.png in Resources */ = {isa = PBXBuildFile; fileRef = 409783AF2C06A6610010F509 /* 1.png */; };
		409783B22C06A9180010F509 /* 2.png in Resources */ = {isa = PBXBuildFile; fileRef = 409783B12C06A9180010F509 /* 2.png */; };
		409783B42C06A9AB0010F509 /* 3.png in Resources */ = {isa = PBXBuildFile; fileRef = 409783B32C06A9AB0010F509 /* 3.png */; };
		409783B62C06AA900010F509 /* DestinationSearchView.swift in Sources */ = {isa = PBXBuildFile; fileRef = 409783B52C06AA900010F509 /* DestinationSearchView.swift */; };
		409783B82C06BFF00010F509 /* 4.png in Resources */ = {isa = PBXBuildFile; fileRef = 409783B72C06BFF00010F509 /* 4.png */; };
		409783BA2C06C00C0010F509 /* 5.png in Resources */ = {isa = PBXBuildFile; fileRef = 409783B92C06C00C0010F509 /* 5.png */; };
		409783BC2C06C02C0010F509 /* 6.png in Resources */ = {isa = PBXBuildFile; fileRef = 409783BB2C06C02C0010F509 /* 6.png */; };
		409783BE2C06C12F0010F509 /* ProfileView.swift in Sources */ = {isa = PBXBuildFile; fileRef = 409783BD2C06C12F0010F509 /* ProfileView.swift */; };
		409783C02C06C58A0010F509 /* MainTabBarView.swift in Sources */ = {isa = PBXBuildFile; fileRef = 409783BF2C06C58A0010F509 /* MainTabBarView.swift */; };
		409783C22C06C5BF0010F509 /* WishListView.swift in Sources */ = {isa = PBXBuildFile; fileRef = 409783C12C06C5BF0010F509 /* WishListView.swift */; };
		409783C42C0737AA0010F509 /* CategoryItemView.swift in Sources */ = {isa = PBXBuildFile; fileRef = 409783C32C0737AA0010F509 /* CategoryItemView.swift */; };
		409783C62C0739620010F509 /* CategoryCarouselView.swift in Sources */ = {isa = PBXBuildFile; fileRef = 409783C52C0739620010F509 /* CategoryCarouselView.swift */; };
		409783C92C07F9400010F509 /* NotLongInView.swift in Sources */ = {isa = PBXBuildFile; fileRef = 409783C82C07F9400010F509 /* NotLongInView.swift */; };
		409783CC2C07FCCE0010F509 /* TripsView.swift in Sources */ = {isa = PBXBuildFile; fileRef = 409783CB2C07FCCE0010F509 /* TripsView.swift */; };
		409783CE2C07FD6F0010F509 /* InboxView.swift in Sources */ = {isa = PBXBuildFile; fileRef = 409783CD2C07FD6F0010F509 /* InboxView.swift */; };
		409783D12C0809E80010F509 /* Listing.swift in Sources */ = {isa = PBXBuildFile; fileRef = 409783D02C0809E80010F509 /* Listing.swift */; };
		409783D42C080F740010F509 /* DeveloperPreview.swift in Sources */ = {isa = PBXBuildFile; fileRef = 409783D32C080F740010F509 /* DeveloperPreview.swift */; };
		409783D92C0812760010F509 /* ExportViewModel.swift in Sources */ = {isa = PBXBuildFile; fileRef = 409783D82C0812760010F509 /* ExportViewModel.swift */; };
		409783DB2C0812A80010F509 /* ExploreService.swift in Sources */ = {isa = PBXBuildFile; fileRef = 409783DA2C0812A80010F509 /* ExploreService.swift */; };
		409783DE2C0889740010F509 /* SplashView.swift in Sources */ = {isa = PBXBuildFile; fileRef = 409783DD2C0889740010F509 /* SplashView.swift */; };
/* End PBXBuildFile section */

/* Begin PBXFileReference section */
		409783722C06102F0010F509 /* AirbnbClone.app */ = {isa = PBXFileReference; explicitFileType = wrapper.application; includeInIndex = 0; path = AirbnbClone.app; sourceTree = BUILT_PRODUCTS_DIR; };
		409783752C06102F0010F509 /* AirbnbCloneApp.swift */ = {isa = PBXFileReference; lastKnownFileType = sourcecode.swift; path = AirbnbCloneApp.swift; sourceTree = "<group>"; };
		409783772C06102F0010F509 /* ContentView.swift */ = {isa = PBXFileReference; lastKnownFileType = sourcecode.swift; path = ContentView.swift; sourceTree = "<group>"; };
		409783792C0610320010F509 /* Assets.xcassets */ = {isa = PBXFileReference; lastKnownFileType = folder.assetcatalog; path = Assets.xcassets; sourceTree = "<group>"; };
		4097837C2C0610320010F509 /* Preview Assets.xcassets */ = {isa = PBXFileReference; lastKnownFileType = folder.assetcatalog; path = "Preview Assets.xcassets"; sourceTree = "<group>"; };
		409783982C061C4D0010F509 /* ExplorerView.swift */ = {isa = PBXFileReference; lastKnownFileType = sourcecode.swift; path = ExplorerView.swift; sourceTree = "<group>"; };
		4097839A2C06205B0010F509 /* ListingItemView.swift */ = {isa = PBXFileReference; lastKnownFileType = sourcecode.swift; path = ListingItemView.swift; sourceTree = "<group>"; };
		4097839C2C0627CE0010F509 /* SearchAndFilterBarView.swift */ = {isa = PBXFileReference; lastKnownFileType = sourcecode.swift; path = SearchAndFilterBarView.swift; sourceTree = "<group>"; };
		409783A62C065F430010F509 /* ListingtemDetailView.swift */ = {isa = PBXFileReference; lastKnownFileType = sourcecode.swift; path = ListingtemDetailView.swift; sourceTree = "<group>"; };
		409783A92C06616D0010F509 /* ListingItemCarouselView.swift */ = {isa = PBXFileReference; lastKnownFileType = sourcecode.swift; path = ListingItemCarouselView.swift; sourceTree = "<group>"; };
		409783AB2C0690E70010F509 /* README.md */ = {isa = PBXFileReference; fileEncoding = 4; lastKnownFileType = net.daringfireball.markdown; path = README.md; sourceTree = "<group>"; };
		409783AF2C06A6610010F509 /* 1.png */ = {isa = PBXFileReference; lastKnownFileType = image.png; path = 1.png; sourceTree = "<group>"; };
		409783B12C06A9180010F509 /* 2.png */ = {isa = PBXFileReference; lastKnownFileType = image.png; path = 2.png; sourceTree = "<group>"; };
		409783B32C06A9AB0010F509 /* 3.png */ = {isa = PBXFileReference; lastKnownFileType = image.png; path = 3.png; sourceTree = "<group>"; };
		409783B52C06AA900010F509 /* DestinationSearchView.swift */ = {isa = PBXFileReference; lastKnownFileType = sourcecode.swift; path = DestinationSearchView.swift; sourceTree = "<group>"; };
		409783B72C06BFF00010F509 /* 4.png */ = {isa = PBXFileReference; lastKnownFileType = image.png; path = 4.png; sourceTree = "<group>"; };
		409783B92C06C00C0010F509 /* 5.png */ = {isa = PBXFileReference; lastKnownFileType = image.png; path = 5.png; sourceTree = "<group>"; };
		409783BB2C06C02C0010F509 /* 6.png */ = {isa = PBXFileReference; lastKnownFileType = image.png; path = 6.png; sourceTree = "<group>"; };
		409783BD2C06C12F0010F509 /* ProfileView.swift */ = {isa = PBXFileReference; lastKnownFileType = sourcecode.swift; path = ProfileView.swift; sourceTree = "<group>"; };
		409783BF2C06C58A0010F509 /* MainTabBarView.swift */ = {isa = PBXFileReference; lastKnownFileType = sourcecode.swift; path = MainTabBarView.swift; sourceTree = "<group>"; };
		409783C12C06C5BF0010F509 /* WishListView.swift */ = {isa = PBXFileReference; lastKnownFileType = sourcecode.swift; path = WishListView.swift; sourceTree = "<group>"; };
		409783C32C0737AA0010F509 /* CategoryItemView.swift */ = {isa = PBXFileReference; lastKnownFileType = sourcecode.swift; path = CategoryItemView.swift; sourceTree = "<group>"; };
		409783C52C0739620010F509 /* CategoryCarouselView.swift */ = {isa = PBXFileReference; lastKnownFileType = sourcecode.swift; path = CategoryCarouselView.swift; sourceTree = "<group>"; };
		409783C82C07F9400010F509 /* NotLongInView.swift */ = {isa = PBXFileReference; lastKnownFileType = sourcecode.swift; path = NotLongInView.swift; sourceTree = "<group>"; };
		409783CB2C07FCCE0010F509 /* TripsView.swift */ = {isa = PBXFileReference; lastKnownFileType = sourcecode.swift; path = TripsView.swift; sourceTree = "<group>"; };
		409783CD2C07FD6F0010F509 /* InboxView.swift */ = {isa = PBXFileReference; lastKnownFileType = sourcecode.swift; path = InboxView.swift; sourceTree = "<group>"; };
		409783D02C0809E80010F509 /* Listing.swift */ = {isa = PBXFileReference; lastKnownFileType = sourcecode.swift; path = Listing.swift; sourceTree = "<group>"; };
		409783D32C080F740010F509 /* DeveloperPreview.swift */ = {isa = PBXFileReference; lastKnownFileType = sourcecode.swift; path = DeveloperPreview.swift; sourceTree = "<group>"; };
		409783D82C0812760010F509 /* ExportViewModel.swift */ = {isa = PBXFileReference; lastKnownFileType = sourcecode.swift; path = ExportViewModel.swift; sourceTree = "<group>"; };
		409783DA2C0812A80010F509 /* ExploreService.swift */ = {isa = PBXFileReference; lastKnownFileType = sourcecode.swift; path = ExploreService.swift; sourceTree = "<group>"; };
		409783DD2C0889740010F509 /* SplashView.swift */ = {isa = PBXFileReference; lastKnownFileType = sourcecode.swift; path = SplashView.swift; sourceTree = "<group>"; };
/* End PBXFileReference section */

/* Begin PBXFrameworksBuildPhase section */
		4097836F2C06102F0010F509 /* Frameworks */ = {
			isa = PBXFrameworksBuildPhase;
			buildActionMask = 2147483647;
			files = (
			);
			runOnlyForDeploymentPostprocessing = 0;
		};
/* End PBXFrameworksBuildPhase section */

/* Begin PBXGroup section */
		409783692C06102E0010F509 = {
			isa = PBXGroup;
			children = (
				409783AB2C0690E70010F509 /* README.md */,
				4097839F2C0658110010F509 /* docs */,
				409783742C06102F0010F509 /* AirbnbClone */,
				409783732C06102F0010F509 /* Products */,
			);
			sourceTree = "<group>";
		};
		409783732C06102F0010F509 /* Products */ = {
			isa = PBXGroup;
			children = (
				409783722C06102F0010F509 /* AirbnbClone.app */,
			);
			name = Products;
			sourceTree = "<group>";
		};
		409783742C06102F0010F509 /* AirbnbClone */ = {
			isa = PBXGroup;
			children = (
				409783832C0611EF0010F509 /* App */,
				409783872C0612E80010F509 /* Core */,
				409783892C0613240010F509 /* Extensions */,
				409783882C06130C0010F509 /* Models */,
				4097838C2C06145B0010F509 /* Utils */,
				409783772C06102F0010F509 /* ContentView.swift */,
				409783792C0610320010F509 /* Assets.xcassets */,
				4097837B2C0610320010F509 /* Preview Content */,
			);
			path = AirbnbClone;
			sourceTree = "<group>";
		};
		4097837B2C0610320010F509 /* Preview Content */ = {
			isa = PBXGroup;
			children = (
				4097837C2C0610320010F509 /* Preview Assets.xcassets */,
			);
			path = "Preview Content";
			sourceTree = "<group>";
		};
		409783832C0611EF0010F509 /* App */ = {
			isa = PBXGroup;
			children = (
				409783752C06102F0010F509 /* AirbnbCloneApp.swift */,
			);
			path = App;
			sourceTree = "<group>";
		};
		409783872C0612E80010F509 /* Core */ = {
			isa = PBXGroup;
			children = (
				409783A82C0661510010F509 /* Components */,
				409783922C061B860010F509 /* Listings */,
				409783932C061B900010F509 /* MapView */,
				409783962C061BB00010F509 /* TabBar */,
				409783DC2C08894D0010F509 /* Splash */,
				409783C72C074D600010F509 /* Auth */,
				409783912C061B6C0010F509 /* Explorer */,
				409783952C061BA30010F509 /* Wishlists */,
				409783CA2C07FCB90010F509 /* Trips */,
				409783942C061B990010F509 /* Profile */,
				409783972C061BC20010F509 /* Root */,
				409783CD2C07FD6F0010F509 /* InboxView.swift */,
			);
			path = Core;
			sourceTree = "<group>";
		};
		409783882C06130C0010F509 /* Models */ = {
			isa = PBXGroup;
			children = (
			);
			path = Models;
			sourceTree = "<group>";
		};
		409783892C0613240010F509 /* Extensions */ = {
			isa = PBXGroup;
			children = (
				409783D32C080F740010F509 /* DeveloperPreview.swift */,
			);
			path = Extensions;
			sourceTree = "<group>";
		};
		4097838C2C06145B0010F509 /* Utils */ = {
			isa = PBXGroup;
			children = (
			);
			name = Utils;
			sourceTree = "<group>";
		};
		409783912C061B6C0010F509 /* Explorer */ = {
			isa = PBXGroup;
			children = (
				409783D72C0812440010F509 /* Service */,
				409783D62C08123C0010F509 /* ViewModel */,
				409783D52C0812320010F509 /* View */,
			);
			path = Explorer;
			sourceTree = "<group>";
		};
		409783922C061B860010F509 /* Listings */ = {
			isa = PBXGroup;
			children = (
				409783D22C0809F30010F509 /* Model */,
				409783CF2C0809C50010F509 /* View */,
			);
			path = Listings;
			sourceTree = "<group>";
		};
		409783932C061B900010F509 /* MapView */ = {
			isa = PBXGroup;
			children = (
			);
			path = MapView;
			sourceTree = "<group>";
		};
		409783942C061B990010F509 /* Profile */ = {
			isa = PBXGroup;
			children = (
				409783BD2C06C12F0010F509 /* ProfileView.swift */,
			);
			path = Profile;
			sourceTree = "<group>";
		};
		409783952C061BA30010F509 /* Wishlists */ = {
			isa = PBXGroup;
			children = (
				409783C12C06C5BF0010F509 /* WishListView.swift */,
			);
			path = Wishlists;
			sourceTree = "<group>";
		};
		409783962C061BB00010F509 /* TabBar */ = {
			isa = PBXGroup;
			children = (
				409783BF2C06C58A0010F509 /* MainTabBarView.swift */,
			);
			path = TabBar;
			sourceTree = "<group>";
		};
		409783972C061BC20010F509 /* Root */ = {
			isa = PBXGroup;
			children = (
			);
			path = Root;
			sourceTree = "<group>";
		};
		4097839F2C0658110010F509 /* docs */ = {
			isa = PBXGroup;
			children = (
				409783AF2C06A6610010F509 /* 1.png */,
				409783B12C06A9180010F509 /* 2.png */,
				409783B32C06A9AB0010F509 /* 3.png */,
				409783B72C06BFF00010F509 /* 4.png */,
				409783B92C06C00C0010F509 /* 5.png */,
				409783BB2C06C02C0010F509 /* 6.png */,
			);
			path = docs;
			sourceTree = "<group>";
		};
		409783A82C0661510010F509 /* Components */ = {
			isa = PBXGroup;
			children = (
				409783A92C06616D0010F509 /* ListingItemCarouselView.swift */,
				409783C32C0737AA0010F509 /* CategoryItemView.swift */,
			);
			path = Components;
			sourceTree = "<group>";
		};
		409783C72C074D600010F509 /* Auth */ = {
			isa = PBXGroup;
			children = (
				409783C82C07F9400010F509 /* NotLongInView.swift */,
			);
			path = Auth;
			sourceTree = "<group>";
		};
		409783CA2C07FCB90010F509 /* Trips */ = {
			isa = PBXGroup;
			children = (
				409783CB2C07FCCE0010F509 /* TripsView.swift */,
			);
			path = Trips;
			sourceTree = "<group>";
		};
		409783CF2C0809C50010F509 /* View */ = {
			isa = PBXGroup;
			children = (
				4097839A2C06205B0010F509 /* ListingItemView.swift */,
				409783A62C065F430010F509 /* ListingtemDetailView.swift */,
			);
			path = View;
			sourceTree = "<group>";
		};
		409783D22C0809F30010F509 /* Model */ = {
			isa = PBXGroup;
			children = (
				409783D02C0809E80010F509 /* Listing.swift */,
			);
			path = Model;
			sourceTree = "<group>";
		};
		409783D52C0812320010F509 /* View */ = {
			isa = PBXGroup;
			children = (
				409783982C061C4D0010F509 /* ExplorerView.swift */,
				4097839C2C0627CE0010F509 /* SearchAndFilterBarView.swift */,
				409783B52C06AA900010F509 /* DestinationSearchView.swift */,
				409783C52C0739620010F509 /* CategoryCarouselView.swift */,
			);
			path = View;
			sourceTree = "<group>";
		};
		409783D62C08123C0010F509 /* ViewModel */ = {
			isa = PBXGroup;
			children = (
				409783D82C0812760010F509 /* ExportViewModel.swift */,
			);
			path = ViewModel;
			sourceTree = "<group>";
		};
		409783D72C0812440010F509 /* Service */ = {
			isa = PBXGroup;
			children = (
				409783DA2C0812A80010F509 /* ExploreService.swift */,
			);
			path = Service;
			sourceTree = "<group>";
		};
		409783DC2C08894D0010F509 /* Splash */ = {
			isa = PBXGroup;
			children = (
				409783DD2C0889740010F509 /* SplashView.swift */,
			);
			path = Splash;
			sourceTree = "<group>";
		};
/* End PBXGroup section */

/* Begin PBXNativeTarget section */
		409783712C06102F0010F509 /* AirbnbClone */ = {
			isa = PBXNativeTarget;
			buildConfigurationList = 409783802C0610320010F509 /* Build configuration list for PBXNativeTarget "AirbnbClone" */;
			buildPhases = (
				4097836E2C06102F0010F509 /* Sources */,
				4097836F2C06102F0010F509 /* Frameworks */,
				409783702C06102F0010F509 /* Resources */,
			);
			buildRules = (
			);
			dependencies = (
			);
			name = AirbnbClone;
			productName = AirbnbClone;
			productReference = 409783722C06102F0010F509 /* AirbnbClone.app */;
			productType = "com.apple.product-type.application";
		};
/* End PBXNativeTarget section */

/* Begin PBXProject section */
		4097836A2C06102E0010F509 /* Project object */ = {
			isa = PBXProject;
			attributes = {
				BuildIndependentTargetsInParallel = 1;
				LastSwiftUpdateCheck = 1540;
				LastUpgradeCheck = 1540;
				TargetAttributes = {
					409783712C06102F0010F509 = {
						CreatedOnToolsVersion = 15.4;
					};
				};
			};
			buildConfigurationList = 4097836D2C06102E0010F509 /* Build configuration list for PBXProject "AirbnbClone" */;
			compatibilityVersion = "Xcode 14.0";
			developmentRegion = en;
			hasScannedForEncodings = 0;
			knownRegions = (
				en,
				Base,
			);
			mainGroup = 409783692C06102E0010F509;
			productRefGroup = 409783732C06102F0010F509 /* Products */;
			projectDirPath = "";
			projectRoot = "";
			targets = (
				409783712C06102F0010F509 /* AirbnbClone */,
			);
		};
/* End PBXProject section */

/* Begin PBXResourcesBuildPhase section */
		409783702C06102F0010F509 /* Resources */ = {
			isa = PBXResourcesBuildPhase;
			buildActionMask = 2147483647;
			files = (
				409783B22C06A9180010F509 /* 2.png in Resources */,
				409783AC2C0690E70010F509 /* README.md in Resources */,
				409783B42C06A9AB0010F509 /* 3.png in Resources */,
				4097837D2C0610320010F509 /* Preview Assets.xcassets in Resources */,
				409783B82C06BFF00010F509 /* 4.png in Resources */,
				409783B02C06A6610010F509 /* 1.png in Resources */,
				409783BA2C06C00C0010F509 /* 5.png in Resources */,
				4097837A2C0610320010F509 /* Assets.xcassets in Resources */,
				409783BC2C06C02C0010F509 /* 6.png in Resources */,
			);
			runOnlyForDeploymentPostprocessing = 0;
		};
/* End PBXResourcesBuildPhase section */

/* Begin PBXSourcesBuildPhase section */
		4097836E2C06102F0010F509 /* Sources */ = {
			isa = PBXSourcesBuildPhase;
			buildActionMask = 2147483647;
			files = (
				409783D92C0812760010F509 /* ExportViewModel.swift in Sources */,
				409783C62C0739620010F509 /* CategoryCarouselView.swift in Sources */,
				409783CC2C07FCCE0010F509 /* TripsView.swift in Sources */,
				4097839D2C0627CE0010F509 /* SearchAndFilterBarView.swift in Sources */,
				409783BE2C06C12F0010F509 /* ProfileView.swift in Sources */,
				409783B62C06AA900010F509 /* DestinationSearchView.swift in Sources */,
				409783CE2C07FD6F0010F509 /* InboxView.swift in Sources */,
				409783D12C0809E80010F509 /* Listing.swift in Sources */,
				4097839B2C06205B0010F509 /* ListingItemView.swift in Sources */,
				409783C92C07F9400010F509 /* NotLongInView.swift in Sources */,
				409783992C061C4D0010F509 /* ExplorerView.swift in Sources */,
				409783AA2C06616D0010F509 /* ListingItemCarouselView.swift in Sources */,
				409783782C06102F0010F509 /* ContentView.swift in Sources */,
				409783C22C06C5BF0010F509 /* WishListView.swift in Sources */,
				409783762C06102F0010F509 /* AirbnbCloneApp.swift in Sources */,
				409783DB2C0812A80010F509 /* ExploreService.swift in Sources */,
				409783C42C0737AA0010F509 /* CategoryItemView.swift in Sources */,
				409783C02C06C58A0010F509 /* MainTabBarView.swift in Sources */,
				409783A72C065F430010F509 /* ListingtemDetailView.swift in Sources */,
				409783D42C080F740010F509 /* DeveloperPreview.swift in Sources */,
				409783DE2C0889740010F509 /* SplashView.swift in Sources */,
			);
			runOnlyForDeploymentPostprocessing = 0;
		};
/* End PBXSourcesBuildPhase section */

/* Begin XCBuildConfiguration section */
		4097837E2C0610320010F509 /* Debug */ = {
			isa = XCBuildConfiguration;
			buildSettings = {
				ALWAYS_SEARCH_USER_PATHS = NO;
				ASSETCATALOG_COMPILER_GENERATE_SWIFT_ASSET_SYMBOL_EXTENSIONS = YES;
				CLANG_ANALYZER_NONNULL = YES;
				CLANG_ANALYZER_NUMBER_OBJECT_CONVERSION = YES_AGGRESSIVE;
				CLANG_CXX_LANGUAGE_STANDARD = "gnu++20";
				CLANG_ENABLE_MODULES = YES;
				CLANG_ENABLE_OBJC_ARC = YES;
				CLANG_ENABLE_OBJC_WEAK = YES;
				CLANG_WARN_BLOCK_CAPTURE_AUTORELEASING = YES;
				CLANG_WARN_BOOL_CONVERSION = YES;
				CLANG_WARN_COMMA = YES;
				CLANG_WARN_CONSTANT_CONVERSION = YES;
				CLANG_WARN_DEPRECATED_OBJC_IMPLEMENTATIONS = YES;
				CLANG_WARN_DIRECT_OBJC_ISA_USAGE = YES_ERROR;
				CLANG_WARN_DOCUMENTATION_COMMENTS = YES;
				CLANG_WARN_EMPTY_BODY = YES;
				CLANG_WARN_ENUM_CONVERSION = YES;
				CLANG_WARN_INFINITE_RECURSION = YES;
				CLANG_WARN_INT_CONVERSION = YES;
				CLANG_WARN_NON_LITERAL_NULL_CONVERSION = YES;
				CLANG_WARN_OBJC_IMPLICIT_RETAIN_SELF = YES;
				CLANG_WARN_OBJC_LITERAL_CONVERSION = YES;
				CLANG_WARN_OBJC_ROOT_CLASS = YES_ERROR;
				CLANG_WARN_QUOTED_INCLUDE_IN_FRAMEWORK_HEADER = YES;
				CLANG_WARN_RANGE_LOOP_ANALYSIS = YES;
				CLANG_WARN_STRICT_PROTOTYPES = YES;
				CLANG_WARN_SUSPICIOUS_MOVE = YES;
				CLANG_WARN_UNGUARDED_AVAILABILITY = YES_AGGRESSIVE;
				CLANG_WARN_UNREACHABLE_CODE = YES;
				CLANG_WARN__DUPLICATE_METHOD_MATCH = YES;
				COPY_PHASE_STRIP = NO;
				DEBUG_INFORMATION_FORMAT = dwarf;
				ENABLE_STRICT_OBJC_MSGSEND = YES;
				ENABLE_TESTABILITY = YES;
				ENABLE_USER_SCRIPT_SANDBOXING = YES;
				GCC_C_LANGUAGE_STANDARD = gnu17;
				GCC_DYNAMIC_NO_PIC = NO;
				GCC_NO_COMMON_BLOCKS = YES;
				GCC_OPTIMIZATION_LEVEL = 0;
				GCC_PREPROCESSOR_DEFINITIONS = (
					"DEBUG=1",
					"$(inherited)",
				);
				GCC_WARN_64_TO_32_BIT_CONVERSION = YES;
				GCC_WARN_ABOUT_RETURN_TYPE = YES_ERROR;
				GCC_WARN_UNDECLARED_SELECTOR = YES;
				GCC_WARN_UNINITIALIZED_AUTOS = YES_AGGRESSIVE;
				GCC_WARN_UNUSED_FUNCTION = YES;
				GCC_WARN_UNUSED_VARIABLE = YES;
				IPHONEOS_DEPLOYMENT_TARGET = 17.5;
				LOCALIZATION_PREFERS_STRING_CATALOGS = YES;
				MTL_ENABLE_DEBUG_INFO = INCLUDE_SOURCE;
				MTL_FAST_MATH = YES;
				ONLY_ACTIVE_ARCH = YES;
				SDKROOT = iphoneos;
				SWIFT_ACTIVE_COMPILATION_CONDITIONS = "DEBUG $(inherited)";
				SWIFT_OPTIMIZATION_LEVEL = "-Onone";
			};
			name = Debug;
		};
		4097837F2C0610320010F509 /* Release */ = {
			isa = XCBuildConfiguration;
			buildSettings = {
				ALWAYS_SEARCH_USER_PATHS = NO;
				ASSETCATALOG_COMPILER_GENERATE_SWIFT_ASSET_SYMBOL_EXTENSIONS = YES;
				CLANG_ANALYZER_NONNULL = YES;
				CLANG_ANALYZER_NUMBER_OBJECT_CONVERSION = YES_AGGRESSIVE;
				CLANG_CXX_LANGUAGE_STANDARD = "gnu++20";
				CLANG_ENABLE_MODULES = YES;
				CLANG_ENABLE_OBJC_ARC = YES;
				CLANG_ENABLE_OBJC_WEAK = YES;
				CLANG_WARN_BLOCK_CAPTURE_AUTORELEASING = YES;
				CLANG_WARN_BOOL_CONVERSION = YES;
				CLANG_WARN_COMMA = YES;
				CLANG_WARN_CONSTANT_CONVERSION = YES;
				CLANG_WARN_DEPRECATED_OBJC_IMPLEMENTATIONS = YES;
				CLANG_WARN_DIRECT_OBJC_ISA_USAGE = YES_ERROR;
				CLANG_WARN_DOCUMENTATION_COMMENTS = YES;
				CLANG_WARN_EMPTY_BODY = YES;
				CLANG_WARN_ENUM_CONVERSION = YES;
				CLANG_WARN_INFINITE_RECURSION = YES;
				CLANG_WARN_INT_CONVERSION = YES;
				CLANG_WARN_NON_LITERAL_NULL_CONVERSION = YES;
				CLANG_WARN_OBJC_IMPLICIT_RETAIN_SELF = YES;
				CLANG_WARN_OBJC_LITERAL_CONVERSION = YES;
				CLANG_WARN_OBJC_ROOT_CLASS = YES_ERROR;
				CLANG_WARN_QUOTED_INCLUDE_IN_FRAMEWORK_HEADER = YES;
				CLANG_WARN_RANGE_LOOP_ANALYSIS = YES;
				CLANG_WARN_STRICT_PROTOTYPES = YES;
				CLANG_WARN_SUSPICIOUS_MOVE = YES;
				CLANG_WARN_UNGUARDED_AVAILABILITY = YES_AGGRESSIVE;
				CLANG_WARN_UNREACHABLE_CODE = YES;
				CLANG_WARN__DUPLICATE_METHOD_MATCH = YES;
				COPY_PHASE_STRIP = NO;
				DEBUG_INFORMATION_FORMAT = "dwarf-with-dsym";
				ENABLE_NS_ASSERTIONS = NO;
				ENABLE_STRICT_OBJC_MSGSEND = YES;
				ENABLE_USER_SCRIPT_SANDBOXING = YES;
				GCC_C_LANGUAGE_STANDARD = gnu17;
				GCC_NO_COMMON_BLOCKS = YES;
				GCC_WARN_64_TO_32_BIT_CONVERSION = YES;
				GCC_WARN_ABOUT_RETURN_TYPE = YES_ERROR;
				GCC_WARN_UNDECLARED_SELECTOR = YES;
				GCC_WARN_UNINITIALIZED_AUTOS = YES_AGGRESSIVE;
				GCC_WARN_UNUSED_FUNCTION = YES;
				GCC_WARN_UNUSED_VARIABLE = YES;
				IPHONEOS_DEPLOYMENT_TARGET = 17.5;
				LOCALIZATION_PREFERS_STRING_CATALOGS = YES;
				MTL_ENABLE_DEBUG_INFO = NO;
				MTL_FAST_MATH = YES;
				SDKROOT = iphoneos;
				SWIFT_COMPILATION_MODE = wholemodule;
				VALIDATE_PRODUCT = YES;
			};
			name = Release;
		};
		409783812C0610320010F509 /* Debug */ = {
			isa = XCBuildConfiguration;
			buildSettings = {
				ASSETCATALOG_COMPILER_APPICON_NAME = AppIcon;
				ASSETCATALOG_COMPILER_GLOBAL_ACCENT_COLOR_NAME = AccentColor;
				CODE_SIGN_STYLE = Automatic;
				CURRENT_PROJECT_VERSION = 1;
				DEVELOPMENT_ASSET_PATHS = "\"AirbnbClone/Preview Content\"";
				DEVELOPMENT_TEAM = 3D9D57539G;
				ENABLE_PREVIEWS = YES;
				GENERATE_INFOPLIST_FILE = YES;
				INFOPLIST_KEY_UIApplicationSceneManifest_Generation = YES;
				INFOPLIST_KEY_UIApplicationSupportsIndirectInputEvents = YES;
				INFOPLIST_KEY_UILaunchScreen_Generation = YES;
				INFOPLIST_KEY_UISupportedInterfaceOrientations_iPad = "UIInterfaceOrientationPortrait UIInterfaceOrientationPortraitUpsideDown UIInterfaceOrientationLandscapeLeft UIInterfaceOrientationLandscapeRight";
				INFOPLIST_KEY_UISupportedInterfaceOrientations_iPhone = "UIInterfaceOrientationPortrait UIInterfaceOrientationLandscapeLeft UIInterfaceOrientationLandscapeRight";
				LD_RUNPATH_SEARCH_PATHS = (
					"$(inherited)",
					"@executable_path/Frameworks",
				);
				MARKETING_VERSION = 1.0;
				PRODUCT_BUNDLE_IDENTIFIER = co.essejacques.AirbnbClone;
				PRODUCT_NAME = "$(TARGET_NAME)";
				SWIFT_EMIT_LOC_STRINGS = YES;
				SWIFT_VERSION = 5.0;
				TARGETED_DEVICE_FAMILY = "1,2";
			};
			name = Debug;
		};
		409783822C0610320010F509 /* Release */ = {
			isa = XCBuildConfiguration;
			buildSettings = {
				ASSETCATALOG_COMPILER_APPICON_NAME = AppIcon;
				ASSETCATALOG_COMPILER_GLOBAL_ACCENT_COLOR_NAME = AccentColor;
				CODE_SIGN_STYLE = Automatic;
				CURRENT_PROJECT_VERSION = 1;
				DEVELOPMENT_ASSET_PATHS = "\"AirbnbClone/Preview Content\"";
				DEVELOPMENT_TEAM = 3D9D57539G;
				ENABLE_PREVIEWS = YES;
				GENERATE_INFOPLIST_FILE = YES;
				INFOPLIST_KEY_UIApplicationSceneManifest_Generation = YES;
				INFOPLIST_KEY_UIApplicationSupportsIndirectInputEvents = YES;
				INFOPLIST_KEY_UILaunchScreen_Generation = YES;
				INFOPLIST_KEY_UISupportedInterfaceOrientations_iPad = "UIInterfaceOrientationPortrait UIInterfaceOrientationPortraitUpsideDown UIInterfaceOrientationLandscapeLeft UIInterfaceOrientationLandscapeRight";
				INFOPLIST_KEY_UISupportedInterfaceOrientations_iPhone = "UIInterfaceOrientationPortrait UIInterfaceOrientationLandscapeLeft UIInterfaceOrientationLandscapeRight";
				LD_RUNPATH_SEARCH_PATHS = (
					"$(inherited)",
					"@executable_path/Frameworks",
				);
				MARKETING_VERSION = 1.0;
				PRODUCT_BUNDLE_IDENTIFIER = co.essejacques.AirbnbClone;
				PRODUCT_NAME = "$(TARGET_NAME)";
				SWIFT_EMIT_LOC_STRINGS = YES;
				SWIFT_VERSION = 5.0;
				TARGETED_DEVICE_FAMILY = "1,2";
			};
			name = Release;
		};
/* End XCBuildConfiguration section */

/* Begin XCConfigurationList section */
		4097836D2C06102E0010F509 /* Build configuration list for PBXProject "AirbnbClone" */ = {
			isa = XCConfigurationList;
			buildConfigurations = (
				4097837E2C0610320010F509 /* Debug */,
				4097837F2C0610320010F509 /* Release */,
			);
			defaultConfigurationIsVisible = 0;
			defaultConfigurationName = Release;
		};
		409783802C0610320010F509 /* Build configuration list for PBXNativeTarget "AirbnbClone" */ = {
			isa = XCConfigurationList;
			buildConfigurations = (
				409783812C0610320010F509 /* Debug */,
				409783822C0610320010F509 /* Release */,
			);
			defaultConfigurationIsVisible = 0;
			defaultConfigurationName = Release;
		};
/* End XCConfigurationList section */
	};
	rootObject = 4097836A2C06102E0010F509 /* Project object */;
}
